// !$*UTF8*$!
{
	archiveVersion = 1;
	classes = {
	};
	objectVersion = 50;
	objects = {

/* Begin PBXBuildFile section */
		97D648FD231B57450021D1EA /* UIViewController+LXNavigationBar.m in Sources */ = {isa = PBXBuildFile; fileRef = 97D648FC231B57450021D1EA /* UIViewController+LXNavigationBar.m */; };
		97D71FC2231A50620075ED09 /* AppDelegate.m in Sources */ = {isa = PBXBuildFile; fileRef = 97D71FC1231A50620075ED09 /* AppDelegate.m */; };
		97D71FC5231A50620075ED09 /* ViewController.m in Sources */ = {isa = PBXBuildFile; fileRef = 97D71FC4231A50620075ED09 /* ViewController.m */; };
		97D71FC8231A50620075ED09 /* Main.storyboard in Resources */ = {isa = PBXBuildFile; fileRef = 97D71FC6231A50620075ED09 /* Main.storyboard */; };
		97D71FCA231A50630075ED09 /* Assets.xcassets in Resources */ = {isa = PBXBuildFile; fileRef = 97D71FC9231A50630075ED09 /* Assets.xcassets */; };
		97D71FCD231A50630075ED09 /* LaunchScreen.storyboard in Resources */ = {isa = PBXBuildFile; fileRef = 97D71FCB231A50630075ED09 /* LaunchScreen.storyboard */; };
		97D71FD0231A50640075ED09 /* main.m in Sources */ = {isa = PBXBuildFile; fileRef = 97D71FCF231A50640075ED09 /* main.m */; };
		97D71FE4231A61AA0075ED09 /* LXNavigationBar.m in Sources */ = {isa = PBXBuildFile; fileRef = 97D71FE3231A61AA0075ED09 /* LXNavigationBar.m */; };
		97D71FE7231A6C6E0075ED09 /* LXNavigationController.m in Sources */ = {isa = PBXBuildFile; fileRef = 97D71FE6231A6C6E0075ED09 /* LXNavigationController.m */; };
		97EAC370232FE66A00D2EC80 /* NextViewController.m in Sources */ = {isa = PBXBuildFile; fileRef = 97EAC36E232FE66A00D2EC80 /* NextViewController.m */; };
/* End PBXBuildFile section */

/* Begin PBXFileReference section */
		97D648FB231B57450021D1EA /* UIViewController+LXNavigationBar.h */ = {isa = PBXFileReference; lastKnownFileType = sourcecode.c.h; path = "UIViewController+LXNavigationBar.h"; sourceTree = "<group>"; };
		97D648FC231B57450021D1EA /* UIViewController+LXNavigationBar.m */ = {isa = PBXFileReference; lastKnownFileType = sourcecode.c.objc; path = "UIViewController+LXNavigationBar.m"; sourceTree = "<group>"; };
		97D71FBD231A50620075ED09 /* newNavBar.app */ = {isa = PBXFileReference; explicitFileType = wrapper.application; includeInIndex = 0; path = newNavBar.app; sourceTree = BUILT_PRODUCTS_DIR; };
		97D71FC0231A50620075ED09 /* AppDelegate.h */ = {isa = PBXFileReference; lastKnownFileType = sourcecode.c.h; path = AppDelegate.h; sourceTree = "<group>"; };
		97D71FC1231A50620075ED09 /* AppDelegate.m */ = {isa = PBXFileReference; lastKnownFileType = sourcecode.c.objc; path = AppDelegate.m; sourceTree = "<group>"; };
		97D71FC3231A50620075ED09 /* ViewController.h */ = {isa = PBXFileReference; lastKnownFileType = sourcecode.c.h; path = ViewController.h; sourceTree = "<group>"; };
		97D71FC4231A50620075ED09 /* ViewController.m */ = {isa = PBXFileReference; lastKnownFileType = sourcecode.c.objc; path = ViewController.m; sourceTree = "<group>"; };
		97D71FC7231A50620075ED09 /* Base */ = {isa = PBXFileReference; lastKnownFileType = file.storyboard; name = Base; path = Base.lproj/Main.storyboard; sourceTree = "<group>"; };
		97D71FC9231A50630075ED09 /* Assets.xcassets */ = {isa = PBXFileReference; lastKnownFileType = folder.assetcatalog; path = Assets.xcassets; sourceTree = "<group>"; };
		97D71FCC231A50630075ED09 /* Base */ = {isa = PBXFileReference; lastKnownFileType = file.storyboard; name = Base; path = Base.lproj/LaunchScreen.storyboard; sourceTree = "<group>"; };
		97D71FCE231A50640075ED09 /* Info.plist */ = {isa = PBXFileReference; lastKnownFileType = text.plist.xml; path = Info.plist; sourceTree = "<group>"; };
		97D71FCF231A50640075ED09 /* main.m */ = {isa = PBXFileReference; lastKnownFileType = sourcecode.c.objc; path = main.m; sourceTree = "<group>"; };
		97D71FE2231A61AA0075ED09 /* LXNavigationBar.h */ = {isa = PBXFileReference; lastKnownFileType = sourcecode.c.h; path = LXNavigationBar.h; sourceTree = "<group>"; };
		97D71FE3231A61AA0075ED09 /* LXNavigationBar.m */ = {isa = PBXFileReference; lastKnownFileType = sourcecode.c.objc; path = LXNavigationBar.m; sourceTree = "<group>"; };
		97D71FE5231A6C6E0075ED09 /* LXNavigationController.h */ = {isa = PBXFileReference; lastKnownFileType = sourcecode.c.h; path = LXNavigationController.h; sourceTree = "<group>"; };
		97D71FE6231A6C6E0075ED09 /* LXNavigationController.m */ = {isa = PBXFileReference; lastKnownFileType = sourcecode.c.objc; path = LXNavigationController.m; sourceTree = "<group>"; };
		97EAC36D232FE66A00D2EC80 /* NextViewController.h */ = {isa = PBXFileReference; lastKnownFileType = sourcecode.c.h; path = NextViewController.h; sourceTree = "<group>"; };
		97EAC36E232FE66A00D2EC80 /* NextViewController.m */ = {isa = PBXFileReference; lastKnownFileType = sourcecode.c.objc; path = NextViewController.m; sourceTree = "<group>"; };
		97FB2F872330A74B007F5625 /* LXNavigation.h */ = {isa = PBXFileReference; lastKnownFileType = sourcecode.c.h; path = LXNavigation.h; sourceTree = "<group>"; };
/* End PBXFileReference section */

/* Begin PBXFrameworksBuildPhase section */
		97D71FBA231A50620075ED09 /* Frameworks */ = {
			isa = PBXFrameworksBuildPhase;
			buildActionMask = 2147483647;
			files = (
			);
			runOnlyForDeploymentPostprocessing = 0;
		};
/* End PBXFrameworksBuildPhase section */

/* Begin PBXGroup section */
		97D71FB4231A50620075ED09 = {
			isa = PBXGroup;
			children = (
				97D71FBF231A50620075ED09 /* newNavBar */,
				97D71FBE231A50620075ED09 /* Products */,
			);
			sourceTree = "<group>";
		};
		97D71FBE231A50620075ED09 /* Products */ = {
			isa = PBXGroup;
			children = (
				97D71FBD231A50620075ED09 /* newNavBar.app */,
			);
			name = Products;
			sourceTree = "<group>";
		};
		97D71FBF231A50620075ED09 /* newNavBar */ = {
			isa = PBXGroup;
			children = (
				97D71FE1231A61890075ED09 /* LXNavigation */,
				97D71FC0231A50620075ED09 /* AppDelegate.h */,
				97D71FC1231A50620075ED09 /* AppDelegate.m */,
				97D71FC3231A50620075ED09 /* ViewController.h */,
				97D71FC4231A50620075ED09 /* ViewController.m */,
				97EAC36D232FE66A00D2EC80 /* NextViewController.h */,
				97EAC36E232FE66A00D2EC80 /* NextViewController.m */,
				97D71FC6231A50620075ED09 /* Main.storyboard */,
				97D71FC9231A50630075ED09 /* Assets.xcassets */,
				97D71FCB231A50630075ED09 /* LaunchScreen.storyboard */,
				97D71FCE231A50640075ED09 /* Info.plist */,
				97D71FCF231A50640075ED09 /* main.m */,
			);
			path = newNavBar;
			sourceTree = "<group>";
		};
		97D71FE1231A61890075ED09 /* LXNavigation */ = {
			isa = PBXGroup;
			children = (
				97FB2F872330A74B007F5625 /* LXNavigation.h */,
				97D71FE2231A61AA0075ED09 /* LXNavigationBar.h */,
				97D71FE3231A61AA0075ED09 /* LXNavigationBar.m */,
				97D71FE5231A6C6E0075ED09 /* LXNavigationController.h */,
				97D71FE6231A6C6E0075ED09 /* LXNavigationController.m */,
				97D648FB231B57450021D1EA /* UIViewController+LXNavigationBar.h */,
				97D648FC231B57450021D1EA /* UIViewController+LXNavigationBar.m */,
			);
			path = LXNavigation;
			sourceTree = "<group>";
		};
/* End PBXGroup section */

/* Begin PBXNativeTarget section */
		97D71FBC231A50620075ED09 /* newNavBar */ = {
			isa = PBXNativeTarget;
			buildConfigurationList = 97D71FD3231A50640075ED09 /* Build configuration list for PBXNativeTarget "newNavBar" */;
			buildPhases = (
				97D71FB9231A50620075ED09 /* Sources */,
				97D71FBA231A50620075ED09 /* Frameworks */,
				97D71FBB231A50620075ED09 /* Resources */,
			);
			buildRules = (
			);
			dependencies = (
			);
			name = newNavBar;
			productName = newNavBar;
			productReference = 97D71FBD231A50620075ED09 /* newNavBar.app */;
			productType = "com.apple.product-type.application";
		};
/* End PBXNativeTarget section */

/* Begin PBXProject section */
		97D71FB5231A50620075ED09 /* Project object */ = {
			isa = PBXProject;
			attributes = {
				LastUpgradeCheck = 1010;
				ORGANIZATIONNAME = "师董会";
				TargetAttributes = {
					97D71FBC231A50620075ED09 = {
						CreatedOnToolsVersion = 10.1;
					};
				};
			};
			buildConfigurationList = 97D71FB8231A50620075ED09 /* Build configuration list for PBXProject "newNavBar" */;
			compatibilityVersion = "Xcode 9.3";
			developmentRegion = en;
			hasScannedForEncodings = 0;
			knownRegions = (
				en,
				Base,
			);
			mainGroup = 97D71FB4231A50620075ED09;
			productRefGroup = 97D71FBE231A50620075ED09 /* Products */;
			projectDirPath = "";
			projectRoot = "";
			targets = (
				97D71FBC231A50620075ED09 /* newNavBar */,
			);
		};
/* End PBXProject section */

/* Begin PBXResourcesBuildPhase section */
		97D71FBB231A50620075ED09 /* Resources */ = {
			isa = PBXResourcesBuildPhase;
			buildActionMask = 2147483647;
			files = (
				97D71FCD231A50630075ED09 /* LaunchScreen.storyboard in Resources */,
				97D71FCA231A50630075ED09 /* Assets.xcassets in Resources */,
				97D71FC8231A50620075ED09 /* Main.storyboard in Resources */,
			);
			runOnlyForDeploymentPostprocessing = 0;
		};
/* End PBXResourcesBuildPhase section */

/* Begin PBXSourcesBuildPhase section */
		97D71FB9231A50620075ED09 /* Sources */ = {
			isa = PBXSourcesBuildPhase;
			buildActionMask = 2147483647;
			files = (
				97D71FC5231A50620075ED09 /* ViewController.m in Sources */,
				97D71FE7231A6C6E0075ED09 /* LXNavigationController.m in Sources */,
				97D648FD231B57450021D1EA /* UIViewController+LXNavigationBar.m in Sources */,
				97D71FE4231A61AA0075ED09 /* LXNavigationBar.m in Sources */,
				97D71FD0231A50640075ED09 /* main.m in Sources */,
				97EAC370232FE66A00D2EC80 /* NextViewController.m in Sources */,
				97D71FC2231A50620075ED09 /* AppDelegate.m in Sources */,
			);
			runOnlyForDeploymentPostprocessing = 0;
		};
/* End PBXSourcesBuildPhase section */

/* Begin PBXVariantGroup section */
		97D71FC6231A50620075ED09 /* Main.storyboard */ = {
			isa = PBXVariantGroup;
			children = (
				97D71FC7231A50620075ED09 /* Base */,
			);
			name = Main.storyboard;
			sourceTree = "<group>";
		};
		97D71FCB231A50630075ED09 /* LaunchScreen.storyboard */ = {
			isa = PBXVariantGroup;
			children = (
				97D71FCC231A50630075ED09 /* Base */,
			);
			name = LaunchScreen.storyboard;
			sourceTree = "<group>";
		};
/* End PBXVariantGroup section */

/* Begin XCBuildConfiguration section */
		97D71FD1231A50640075ED09 /* Debug */ = {
			isa = XCBuildConfiguration;
			buildSettings = {
				ALWAYS_SEARCH_USER_PATHS = NO;
				CLANG_ANALYZER_NONNULL = YES;
				CLANG_ANALYZER_NUMBER_OBJECT_CONVERSION = YES_AGGRESSIVE;
				CLANG_CXX_LANGUAGE_STANDARD = "gnu++14";
				CLANG_CXX_LIBRARY = "libc++";
				CLANG_ENABLE_MODULES = YES;
				CLANG_ENABLE_OBJC_ARC = YES;
				CLANG_ENABLE_OBJC_WEAK = YES;
				CLANG_WARN_BLOCK_CAPTURE_AUTORELEASING = YES;
				CLANG_WARN_BOOL_CONVERSION = YES;
				CLANG_WARN_COMMA = YES;
				CLANG_WARN_CONSTANT_CONVERSION = YES;
				CLANG_WARN_DEPRECATED_OBJC_IMPLEMENTATIONS = YES;
				CLANG_WARN_DIRECT_OBJC_ISA_USAGE = YES_ERROR;
				CLANG_WARN_DOCUMENTATION_COMMENTS = YES;
				CLANG_WARN_EMPTY_BODY = YES;
				CLANG_WARN_ENUM_CONVERSION = YES;
				CLANG_WARN_INFINITE_RECURSION = YES;
				CLANG_WARN_INT_CONVERSION = YES;
				CLANG_WARN_NON_LITERAL_NULL_CONVERSION = YES;
				CLANG_WARN_OBJC_IMPLICIT_RETAIN_SELF = YES;
				CLANG_WARN_OBJC_LITERAL_CONVERSION = YES;
				CLANG_WARN_OBJC_ROOT_CLASS = YES_ERROR;
				CLANG_WARN_RANGE_LOOP_ANALYSIS = YES;
				CLANG_WARN_STRICT_PROTOTYPES = YES;
				CLANG_WARN_SUSPICIOUS_MOVE = YES;
				CLANG_WARN_UNGUARDED_AVAILABILITY = YES_AGGRESSIVE;
				CLANG_WARN_UNREACHABLE_CODE = YES;
				CLANG_WARN__DUPLICATE_METHOD_MATCH = YES;
				CODE_SIGN_IDENTITY = "iPhone Developer";
				COPY_PHASE_STRIP = NO;
				DEBUG_INFORMATION_FORMAT = dwarf;
				ENABLE_STRICT_OBJC_MSGSEND = YES;
				ENABLE_TESTABILITY = YES;
				GCC_C_LANGUAGE_STANDARD = gnu11;
				GCC_DYNAMIC_NO_PIC = NO;
				GCC_NO_COMMON_BLOCKS = YES;
				GCC_OPTIMIZATION_LEVEL = 0;
				GCC_PREPROCESSOR_DEFINITIONS = (
					"DEBUG=1",
					"$(inherited)",
				);
				GCC_WARN_64_TO_32_BIT_CONVERSION = YES;
				GCC_WARN_ABOUT_RETURN_TYPE = YES_ERROR;
				GCC_WARN_UNDECLARED_SELECTOR = YES;
				GCC_WARN_UNINITIALIZED_AUTOS = YES_AGGRESSIVE;
				GCC_WARN_UNUSED_FUNCTION = YES;
				GCC_WARN_UNUSED_VARIABLE = YES;
				IPHONEOS_DEPLOYMENT_TARGET = 12.1;
				MTL_ENABLE_DEBUG_INFO = INCLUDE_SOURCE;
				MTL_FAST_MATH = YES;
				ONLY_ACTIVE_ARCH = YES;
				SDKROOT = iphoneos;
			};
			name = Debug;
		};
		97D71FD2231A50640075ED09 /* Release */ = {
			isa = XCBuildConfiguration;
			buildSettings = {
				ALWAYS_SEARCH_USER_PATHS = NO;
				CLANG_ANALYZER_NONNULL = YES;
				CLANG_ANALYZER_NUMBER_OBJECT_CONVERSION = YES_AGGRESSIVE;
				CLANG_CXX_LANGUAGE_STANDARD = "gnu++14";
				CLANG_CXX_LIBRARY = "libc++";
				CLANG_ENABLE_MODULES = YES;
				CLANG_ENABLE_OBJC_ARC = YES;
				CLANG_ENABLE_OBJC_WEAK = YES;
				CLANG_WARN_BLOCK_CAPTURE_AUTORELEASING = YES;
				CLANG_WARN_BOOL_CONVERSION = YES;
				CLANG_WARN_COMMA = YES;
				CLANG_WARN_CONSTANT_CONVERSION = YES;
				CLANG_WARN_DEPRECATED_OBJC_IMPLEMENTATIONS = YES;
				CLANG_WARN_DIRECT_OBJC_ISA_USAGE = YES_ERROR;
				CLANG_WARN_DOCUMENTATION_COMMENTS = YES;
				CLANG_WARN_EMPTY_BODY = YES;
				CLANG_WARN_ENUM_CONVERSION = YES;
				CLANG_WARN_INFINITE_RECURSION = YES;
				CLANG_WARN_INT_CONVERSION = YES;
				CLANG_WARN_NON_LITERAL_NULL_CONVERSION = YES;
				CLANG_WARN_OBJC_IMPLICIT_RETAIN_SELF = YES;
				CLANG_WARN_OBJC_LITERAL_CONVERSION = YES;
				CLANG_WARN_OBJC_ROOT_CLASS = YES_ERROR;
				CLANG_WARN_RANGE_LOOP_ANALYSIS = YES;
				CLANG_WARN_STRICT_PROTOTYPES = YES;
				CLANG_WARN_SUSPICIOUS_MOVE = YES;
				CLANG_WARN_UNGUARDED_AVAILABILITY = YES_AGGRESSIVE;
				CLANG_WARN_UNREACHABLE_CODE = YES;
				CLANG_WARN__DUPLICATE_METHOD_MATCH = YES;
				CODE_SIGN_IDENTITY = "iPhone Developer";
				COPY_PHASE_STRIP = NO;
				DEBUG_INFORMATION_FORMAT = "dwarf-with-dsym";
				ENABLE_NS_ASSERTIONS = NO;
				ENABLE_STRICT_OBJC_MSGSEND = YES;
				GCC_C_LANGUAGE_STANDARD = gnu11;
				GCC_NO_COMMON_BLOCKS = YES;
				GCC_WARN_64_TO_32_BIT_CONVERSION = YES;
				GCC_WARN_ABOUT_RETURN_TYPE = YES_ERROR;
				GCC_WARN_UNDECLARED_SELECTOR = YES;
				GCC_WARN_UNINITIALIZED_AUTOS = YES_AGGRESSIVE;
				GCC_WARN_UNUSED_FUNCTION = YES;
				GCC_WARN_UNUSED_VARIABLE = YES;
				IPHONEOS_DEPLOYMENT_TARGET = 12.1;
				MTL_ENABLE_DEBUG_INFO = NO;
				MTL_FAST_MATH = YES;
				SDKROOT = iphoneos;
				VALIDATE_PRODUCT = YES;
			};
			name = Release;
		};
		97D71FD4231A50640075ED09 /* Debug */ = {
			isa = XCBuildConfiguration;
			buildSettings = {
				ASSETCATALOG_COMPILER_APPICON_NAME = AppIcon;
				CODE_SIGN_STYLE = Automatic;
				DEVELOPMENT_TEAM = M2TQ22753C;
				INFOPLIST_FILE = newNavBar/Info.plist;
				IPHONEOS_DEPLOYMENT_TARGET = 9.0;
				LD_RUNPATH_SEARCH_PATHS = (
					"$(inherited)",
					"@executable_path/Frameworks",
				);
				PRODUCT_BUNDLE_IDENTIFIER = newNavBar;
				PRODUCT_NAME = "$(TARGET_NAME)";
				TARGETED_DEVICE_FAMILY = "1,2";
			};
			name = Debug;
		};
		97D71FD5231A50640075ED09 /* Release */ = {
			isa = XCBuildConfiguration;
			buildSettings = {
				ASSETCATALOG_COMPILER_APPICON_NAME = AppIcon;
				CODE_SIGN_STYLE = Automatic;
				DEVELOPMENT_TEAM = M2TQ22753C;
				INFOPLIST_FILE = newNavBar/Info.plist;
				IPHONEOS_DEPLOYMENT_TARGET = 9.0;
				LD_RUNPATH_SEARCH_PATHS = (
					"$(inherited)",
					"@executable_path/Frameworks",
				);
				PRODUCT_BUNDLE_IDENTIFIER = newNavBar;
				PRODUCT_NAME = "$(TARGET_NAME)";
				TARGETED_DEVICE_FAMILY = "1,2";
			};
			name = Release;
		};
/* End XCBuildConfiguration section */

/* Begin XCConfigurationList section */
		97D71FB8231A50620075ED09 /* Build configuration list for PBXProject "newNavBar" */ = {
			isa = XCConfigurationList;
			buildConfigurations = (
				97D71FD1231A50640075ED09 /* Debug */,
				97D71FD2231A50640075ED09 /* Release */,
			);
			defaultConfigurationIsVisible = 0;
			defaultConfigurationName = Release;
		};
		97D71FD3231A50640075ED09 /* Build configuration list for PBXNativeTarget "newNavBar" */ = {
			isa = XCConfigurationList;
			buildConfigurations = (
				97D71FD4231A50640075ED09 /* Debug */,
				97D71FD5231A50640075ED09 /* Release */,
			);
			defaultConfigurationIsVisible = 0;
			defaultConfigurationName = Release;
		};
/* End XCConfigurationList section */
	};
	rootObject = 97D71FB5231A50620075ED09 /* Project object */;
}
